
Microsoft Visual Studio Solution File, Format Version 12.00
# Visual Studio 15
VisualStudioVersion = 15.0.26430.16
MinimumVisualStudioVersion = 10.0.40219.1
Project("{8BC9CEB8-8B4A-11D0-8D11-00A0C91BC942}") = "HyoidBoneTrackerVC", "HyoidBoneTrackerVC\HyoidBoneTrackerVC.vcxproj", "{11403EC9-7C2E-4409-9464-7F3449AAA05D}"
EndProject
Global
	GlobalSection(SolutionConfigurationPlatforms) = preSolution
		Debug|x64 = Debug|x64
		Debug|x86 = Debug|x86
		Release|x64 = Release|x64
		Release|x86 = Release|x86
	EndGlobalSection
	GlobalSection(ProjectConfigurationPlatforms) = postSolution
		{11403EC9-7C2E-4409-9464-7F3449AAA05D}.Debug|x64.ActiveCfg = Debug|x64
		{11403EC9-7C2E-4409-9464-7F3449AAA05D}.Debug|x64.Build.0 = Debug|x64
		{11403EC9-7C2E-4409-9464-7F3449AAA05D}.Debug|x86.ActiveCfg = Debug|Win32
		{11403EC9-7C2E-4409-9464-7F3449AAA05D}.Debug|x86.Build.0 = Debug|Win32
		{11403EC9-7C2E-4409-9464-7F3449AAA05D}.Release|x64.ActiveCfg = Release|x64
		{11403EC9-7C2E-4409-9464-7F3449AAA05D}.Release|x64.Build.0 = Release|x64
		{11403EC9-7C2E-4409-9464-7F3449AAA05D}.Release|x86.ActiveCfg = Release|Win32
		{11403EC9-7C2E-4409-9464-7F3449AAA05D}.Release|x86.Build.0 = Release|Win32
	EndGlobalSection
	GlobalSection(SolutionProperties) = preSolution
		HideSolutionNode = FALSE
	EndGlobalSection
EndGlobal
